
Microsoft Visual Studio Solution File, Format Version 12.00
# Visual Studio Version 17
VisualStudioVersion = 17.0.31912.275
MinimumVisualStudioVersion = 10.0.40219.1
Project("{9A19103F-16F7-4668-BE54-9A1E7A4F7556}") = "nsxtsdk", "nsxtsdk\nsxtsdk.csproj", "{44432418-E76D-452B-9128-56EC8CB988C8}"
EndProject
Project("{9A19103F-16F7-4668-BE54-9A1E7A4F7556}") = "SDKGenerator", "SDKGenerator\SDKGenerator.csproj", "{46734852-2EB7-4417-BE16-9E9D273720FF}"
EndProject
Project("{FAE04EC0-301F-11D3-BF4B-00C04F79EFBC}") = "sdktesting", "sdktesting\sdktesting.csproj", "{068DBBC6-048B-43DC-93BD-BC8F7A67AFC7}"
EndProject
Global
	GlobalSection(SolutionConfigurationPlatforms) = preSolution
		Debug|Any CPU = Debug|Any CPU
		Release|Any CPU = Release|Any CPU
	EndGlobalSection
	GlobalSection(ProjectConfigurationPlatforms) = postSolution
		{44432418-E76D-452B-9128-56EC8CB988C8}.Debug|Any CPU.ActiveCfg = Debug|Any CPU
		{44432418-E76D-452B-9128-56EC8CB988C8}.Debug|Any CPU.Build.0 = Debug|Any CPU
		{44432418-E76D-452B-9128-56EC8CB988C8}.Release|Any CPU.ActiveCfg = Release|Any CPU
		{44432418-E76D-452B-9128-56EC8CB988C8}.Release|Any CPU.Build.0 = Release|Any CPU
		{46734852-2EB7-4417-BE16-9E9D273720FF}.Debug|Any CPU.ActiveCfg = Debug|Any CPU
		{46734852-2EB7-4417-BE16-9E9D273720FF}.Debug|Any CPU.Build.0 = Debug|Any CPU
		{46734852-2EB7-4417-BE16-9E9D273720FF}.Release|Any CPU.ActiveCfg = Release|Any CPU
		{46734852-2EB7-4417-BE16-9E9D273720FF}.Release|Any CPU.Build.0 = Release|Any CPU
		{068DBBC6-048B-43DC-93BD-BC8F7A67AFC7}.Debug|Any CPU.ActiveCfg = Debug|Any CPU
		{068DBBC6-048B-43DC-93BD-BC8F7A67AFC7}.Debug|Any CPU.Build.0 = Debug|Any CPU
		{068DBBC6-048B-43DC-93BD-BC8F7A67AFC7}.Release|Any CPU.ActiveCfg = Release|Any CPU
		{068DBBC6-048B-43DC-93BD-BC8F7A67AFC7}.Release|Any CPU.Build.0 = Release|Any CPU
	EndGlobalSection
	GlobalSection(SolutionProperties) = preSolution
		HideSolutionNode = FALSE
	EndGlobalSection
	GlobalSection(ExtensibilityGlobals) = postSolution
		SolutionGuid = {AC0D2B21-596F-41DD-90BD-BF27E903FA43}
	EndGlobalSection
EndGlobal
